
Microsoft Visual Studio Solution File, Format Version 12.00
# Visual Studio Version 16
VisualStudioVersion = 16.0.30225.117
MinimumVisualStudioVersion = 10.0.40219.1
Project("{FAE04EC0-301F-11D3-BF4B-00C04F79EFBC}") = "exercicio-logica-programacao9", "exercicio-logica-programacao9.csproj", "{535E110C-12DB-4AC5-96BD-B09BBB62C408}"
EndProject
Global
	GlobalSection(SolutionConfigurationPlatforms) = preSolution
		Debug|Any CPU = Debug|Any CPU
		Release|Any CPU = Release|Any CPU
	EndGlobalSection
	GlobalSection(ProjectConfigurationPlatforms) = postSolution
		{535E110C-12DB-4AC5-96BD-B09BBB62C408}.Debug|Any CPU.ActiveCfg = Debug|Any CPU
		{535E110C-12DB-4AC5-96BD-B09BBB62C408}.Debug|Any CPU.Build.0 = Debug|Any CPU
		{535E110C-12DB-4AC5-96BD-B09BBB62C408}.Release|Any CPU.ActiveCfg = Release|Any CPU
		{535E110C-12DB-4AC5-96BD-B09BBB62C408}.Release|Any CPU.Build.0 = Release|Any CPU
	EndGlobalSection
	GlobalSection(SolutionProperties) = preSolution
		HideSolutionNode = FALSE
	EndGlobalSection
	GlobalSection(ExtensibilityGlobals) = postSolution
		SolutionGuid = {5ECAF0F9-6F60-4A75-ABDA-901C6B380BEE}
	EndGlobalSection
EndGlobal
